
Microsoft Visual Studio Solution File, Format Version 12.00
Project("{FAE04EC0-301F-11D3-BF4B-00C04F79EFBC}") = "mostlylucid.pagingtaghelper", "mostlylucid.pagingtaghelper\mostlylucid.pagingtaghelper.csproj", "{E64B7B8B-A738-4464-AE6E-5EE30A2B26C3}"
EndProject
Project("{2150E333-8FDC-42A3-9474-1A3956D46DE8}") = "SolutionItems", "SolutionItems", "{0BFE3E61-A7A2-4EC7-A1BD-A12D2839E1AA}"
	ProjectSection(SolutionItems) = preProject
		.gitignore = .gitignore
		LICENSE = LICENSE
	EndProjectSection
EndProject
Global
	GlobalSection(SolutionConfigurationPlatforms) = preSolution
		Debug|Any CPU = Debug|Any CPU
		Release|Any CPU = Release|Any CPU
	EndGlobalSection
	GlobalSection(ProjectConfigurationPlatforms) = postSolution
		{E64B7B8B-A738-4464-AE6E-5EE30A2B26C3}.Debug|Any CPU.ActiveCfg = Debug|Any CPU
		{E64B7B8B-A738-4464-AE6E-5EE30A2B26C3}.Debug|Any CPU.Build.0 = Debug|Any CPU
		{E64B7B8B-A738-4464-AE6E-5EE30A2B26C3}.Release|Any CPU.ActiveCfg = Release|Any CPU
		{E64B7B8B-A738-4464-AE6E-5EE30A2B26C3}.Release|Any CPU.Build.0 = Release|Any CPU
	EndGlobalSection
EndGlobal
