
Microsoft Visual Studio Solution File, Format Version 12.00
Project("{FAE04EC0-301F-11D3-BF4B-00C04F79EFBC}") = "mostlylucid.pagingtaghelper", "mostlylucid.pagingtaghelper\mostlylucid.pagingtaghelper.csproj", "{E64B7B8B-A738-4464-AE6E-5EE30A2B26C3}"
EndProject
Project("{2150E333-8FDC-42A3-9474-1A3956D46DE8}") = "SolutionItems", "SolutionItems", "{0BFE3E61-A7A2-4EC7-A1BD-A12D2839E1AA}"
	ProjectSection(SolutionItems) = preProject
		.gitignore = .gitignore
		LICENSE = LICENSE
		.github\workflows\main.yml = .github\workflows\main.yml
		README.md = README.md
		.github\workflows\dockerfilepush.yml = .github\workflows\dockerfilepush.yml
		docs\getting-started.md = docs\getting-started.md
		docs\javascript-modes.md = docs\javascript-modes.md
		docs\pager-taghelper.md = docs\pager-taghelper.md
		docs\pagesize-taghelper.md = docs\pagesize-taghelper.md
		docs\sortable-header-taghelper.md = docs\sortable-header-taghelper.md
		docs\continuation-pager-taghelper.md = docs\continuation-pager-taghelper.md
		docs\custom-views.md = docs\custom-views.md
		docs\blog-post-v1.0.md = docs\blog-post-v1.0.md
	EndProjectSection
EndProject
Project("{FAE04EC0-301F-11D3-BF4B-00C04F79EFBC}") = "mostlylucid.pagingtaghelper.tests", "mostlylucid.pagingtaghelper.tests\mostlylucid.pagingtaghelper.tests.csproj", "{3833FB78-1CFF-47CF-B538-54D49E46A872}"
EndProject
Project("{FAE04EC0-301F-11D3-BF4B-00C04F79EFBC}") = "mostlylucid.pagingtaghelper.sample", "mostlylucid.pagingtaghelper.sample\mostlylucid.pagingtaghelper.sample.csproj", "{E088A815-A686-4C28-9F84-726AC15885BD}"
EndProject
Global
	GlobalSection(SolutionConfigurationPlatforms) = preSolution
		Debug|Any CPU = Debug|Any CPU
		Release|Any CPU = Release|Any CPU
	EndGlobalSection
	GlobalSection(ProjectConfigurationPlatforms) = postSolution
		{E64B7B8B-A738-4464-AE6E-5EE30A2B26C3}.Debug|Any CPU.ActiveCfg = Debug|Any CPU
		{E64B7B8B-A738-4464-AE6E-5EE30A2B26C3}.Debug|Any CPU.Build.0 = Debug|Any CPU
		{E64B7B8B-A738-4464-AE6E-5EE30A2B26C3}.Release|Any CPU.ActiveCfg = Release|Any CPU
		{E64B7B8B-A738-4464-AE6E-5EE30A2B26C3}.Release|Any CPU.Build.0 = Release|Any CPU
		{3833FB78-1CFF-47CF-B538-54D49E46A872}.Debug|Any CPU.ActiveCfg = Debug|Any CPU
		{3833FB78-1CFF-47CF-B538-54D49E46A872}.Debug|Any CPU.Build.0 = Debug|Any CPU
		{3833FB78-1CFF-47CF-B538-54D49E46A872}.Release|Any CPU.ActiveCfg = Release|Any CPU
		{3833FB78-1CFF-47CF-B538-54D49E46A872}.Release|Any CPU.Build.0 = Release|Any CPU
		{E088A815-A686-4C28-9F84-726AC15885BD}.Debug|Any CPU.ActiveCfg = Debug|Any CPU
		{E088A815-A686-4C28-9F84-726AC15885BD}.Debug|Any CPU.Build.0 = Debug|Any CPU
		{E088A815-A686-4C28-9F84-726AC15885BD}.Release|Any CPU.ActiveCfg = Release|Any CPU
		{E088A815-A686-4C28-9F84-726AC15885BD}.Release|Any CPU.Build.0 = Release|Any CPU
		{55A7F10E-805A-4E73-A056-F7F0ED0763C0}.Debug|Any CPU.ActiveCfg = Debug|Any CPU
		{55A7F10E-805A-4E73-A056-F7F0ED0763C0}.Debug|Any CPU.Build.0 = Debug|Any CPU
		{55A7F10E-805A-4E73-A056-F7F0ED0763C0}.Release|Any CPU.ActiveCfg = Release|Any CPU
		{55A7F10E-805A-4E73-A056-F7F0ED0763C0}.Release|Any CPU.Build.0 = Release|Any CPU
	EndGlobalSection
EndGlobal
